
Microsoft Visual Studio Solution File, Format Version 12.00
# Visual Studio Version 16
VisualStudioVersion = 16.0.31702.278
MinimumVisualStudioVersion = 10.0.40219.1
Project("{FAE04EC0-301F-11D3-BF4B-00C04F79EFBC}") = "DesignPatterns", "DesignPatterns\DesignPatterns.csproj", "{616BD7A4-22B8-4B68-B297-E5DD49ED1BA7}"
EndProject
Global
	GlobalSection(SolutionConfigurationPlatforms) = preSolution
		Debug|Any CPU = Debug|Any CPU
		Release|Any CPU = Release|Any CPU
	EndGlobalSection
	GlobalSection(ProjectConfigurationPlatforms) = postSolution
		{616BD7A4-22B8-4B68-B297-E5DD49ED1BA7}.Debug|Any CPU.ActiveCfg = Debug|Any CPU
		{616BD7A4-22B8-4B68-B297-E5DD49ED1BA7}.Debug|Any CPU.Build.0 = Debug|Any CPU
		{616BD7A4-22B8-4B68-B297-E5DD49ED1BA7}.Release|Any CPU.ActiveCfg = Release|Any CPU
		{616BD7A4-22B8-4B68-B297-E5DD49ED1BA7}.Release|Any CPU.Build.0 = Release|Any CPU
	EndGlobalSection
	GlobalSection(SolutionProperties) = preSolution
		HideSolutionNode = FALSE
	EndGlobalSection
	GlobalSection(ExtensibilityGlobals) = postSolution
		SolutionGuid = {89B87F67-31C7-4F6E-91FA-CE05D4B94994}
	EndGlobalSection
EndGlobal
